// !$*UTF8*$!
{
	archiveVersion = 1;
	classes = {
	};
	objectVersion = 77;
	objects = {

/* Begin PBXBuildFile section */
		0634C0E92EE43E85006F34BF /* FirebaseAnalytics in Frameworks */ = {isa = PBXBuildFile; productRef = 0634C0E82EE43E85006F34BF /* FirebaseAnalytics */; };
		0634C0EB2EE43E85006F34BF /* FirebaseAuth in Frameworks */ = {isa = PBXBuildFile; productRef = 0634C0EA2EE43E85006F34BF /* FirebaseAuth */; };
		0634C0ED2EE43E85006F34BF /* FirebaseCore in Frameworks */ = {isa = PBXBuildFile; productRef = 0634C0EC2EE43E85006F34BF /* FirebaseCore */; };
		0634C21C2EEC4D70006F34BF /* FirebaseAnalytics in Frameworks */ = {isa = PBXBuildFile; productRef = 0634C21B2EEC4D70006F34BF /* FirebaseAnalytics */; };
		0634C21E2EEC4D70006F34BF /* FirebaseAuth in Frameworks */ = {isa = PBXBuildFile; productRef = 0634C21D2EEC4D70006F34BF /* FirebaseAuth */; };
		0634C2202EEC4D70006F34BF /* FirebaseCore in Frameworks */ = {isa = PBXBuildFile; productRef = 0634C21F2EEC4D70006F34BF /* FirebaseCore */; };
/* End PBXBuildFile section */

/* Begin PBXContainerItemProxy section */
		061CE1F82EE330BA005847DC /* PBXContainerItemProxy */ = {
			isa = PBXContainerItemProxy;
			containerPortal = 061CE1D92EE330BA005847DC /* Project object */;
			proxyType = 1;
			remoteGlobalIDString = 061CE1E02EE330BA005847DC;
			remoteInfo = UpToDo;
		};
		061CE2022EE330BA005847DC /* PBXContainerItemProxy */ = {
			isa = PBXContainerItemProxy;
			containerPortal = 061CE1D92EE330BA005847DC /* Project object */;
			proxyType = 1;
			remoteGlobalIDString = 061CE1E02EE330BA005847DC;
			remoteInfo = UpToDo;
		};
/* End PBXContainerItemProxy section */

/* Begin PBXFileReference section */
		061CE1E12EE330BA005847DC /* UpToDo.app */ = {isa = PBXFileReference; explicitFileType = wrapper.application; includeInIndex = 0; path = UpToDo.app; sourceTree = BUILT_PRODUCTS_DIR; };
		061CE1F72EE330BA005847DC /* UpToDoTests.xctest */ = {isa = PBXFileReference; explicitFileType = wrapper.cfbundle; includeInIndex = 0; path = UpToDoTests.xctest; sourceTree = BUILT_PRODUCTS_DIR; };
		061CE2012EE330BA005847DC /* UpToDoUITests.xctest */ = {isa = PBXFileReference; explicitFileType = wrapper.cfbundle; includeInIndex = 0; path = UpToDoUITests.xctest; sourceTree = BUILT_PRODUCTS_DIR; };
/* End PBXFileReference section */

/* Begin PBXFileSystemSynchronizedBuildFileExceptionSet section */
		061CE2092EE330BA005847DC /* Exceptions for "UpToDo" folder in "UpToDo" target */ = {
			isa = PBXFileSystemSynchronizedBuildFileExceptionSet;
			membershipExceptions = (
				Info.plist,
			);
			target = 061CE1E02EE330BA005847DC /* UpToDo */;
		};
/* End PBXFileSystemSynchronizedBuildFileExceptionSet section */

/* Begin PBXFileSystemSynchronizedRootGroup section */
		061CE1E32EE330BA005847DC /* UpToDo */ = {
			isa = PBXFileSystemSynchronizedRootGroup;
			exceptions = (
				061CE2092EE330BA005847DC /* Exceptions for "UpToDo" folder in "UpToDo" target */,
			);
			path = UpToDo;
			sourceTree = "<group>";
		};
		061CE1FA2EE330BA005847DC /* UpToDoTests */ = {
			isa = PBXFileSystemSynchronizedRootGroup;
			path = UpToDoTests;
			sourceTree = "<group>";
		};
		061CE2042EE330BA005847DC /* UpToDoUITests */ = {
			isa = PBXFileSystemSynchronizedRootGroup;
			path = UpToDoUITests;
			sourceTree = "<group>";
		};
/* End PBXFileSystemSynchronizedRootGroup section */

/* Begin PBXFrameworksBuildPhase section */
		061CE1DE2EE330BA005847DC /* Frameworks */ = {
			isa = PBXFrameworksBuildPhase;
			buildActionMask = 2147483647;
			files = (
				0634C0E92EE43E85006F34BF /* FirebaseAnalytics in Frameworks */,
				0634C0ED2EE43E85006F34BF /* FirebaseCore in Frameworks */,
				0634C0EB2EE43E85006F34BF /* FirebaseAuth in Frameworks */,
			);
			runOnlyForDeploymentPostprocessing = 0;
		};
		061CE1F42EE330BA005847DC /* Frameworks */ = {
			isa = PBXFrameworksBuildPhase;
			buildActionMask = 2147483647;
			files = (
			);
			runOnlyForDeploymentPostprocessing = 0;
		};
		061CE1FE2EE330BA005847DC /* Frameworks */ = {
			isa = PBXFrameworksBuildPhase;
			buildActionMask = 2147483647;
			files = (
				0634C21C2EEC4D70006F34BF /* FirebaseAnalytics in Frameworks */,
				0634C2202EEC4D70006F34BF /* FirebaseCore in Frameworks */,
				0634C21E2EEC4D70006F34BF /* FirebaseAuth in Frameworks */,
			);
			runOnlyForDeploymentPostprocessing = 0;
		};
/* End PBXFrameworksBuildPhase section */

/* Begin PBXGroup section */
		061CE1D82EE330BA005847DC = {
			isa = PBXGroup;
			children = (
				061CE1E32EE330BA005847DC /* UpToDo */,
				061CE1FA2EE330BA005847DC /* UpToDoTests */,
				061CE2042EE330BA005847DC /* UpToDoUITests */,
				0634C2142EEC4665006F34BF /* Frameworks */,
				061CE1E22EE330BA005847DC /* Products */,
			);
			sourceTree = "<group>";
		};
		061CE1E22EE330BA005847DC /* Products */ = {
			isa = PBXGroup;
			children = (
				061CE1E12EE330BA005847DC /* UpToDo.app */,
				061CE1F72EE330BA005847DC /* UpToDoTests.xctest */,
				061CE2012EE330BA005847DC /* UpToDoUITests.xctest */,
			);
			name = Products;
			sourceTree = "<group>";
		};
		0634C2142EEC4665006F34BF /* Frameworks */ = {
			isa = PBXGroup;
			children = (
			);
			name = Frameworks;
			sourceTree = "<group>";
		};
/* End PBXGroup section */

/* Begin PBXNativeTarget section */
		061CE1E02EE330BA005847DC /* UpToDo */ = {
			isa = PBXNativeTarget;
			buildConfigurationList = 061CE20A2EE330BA005847DC /* Build configuration list for PBXNativeTarget "UpToDo" */;
			buildPhases = (
				061CE1DD2EE330BA005847DC /* Sources */,
				061CE1DE2EE330BA005847DC /* Frameworks */,
				061CE1DF2EE330BA005847DC /* Resources */,
			);
			buildRules = (
			);
			dependencies = (
			);
			fileSystemSynchronizedGroups = (
				061CE1E32EE330BA005847DC /* UpToDo */,
			);
			name = UpToDo;
			packageProductDependencies = (
				0634C0E82EE43E85006F34BF /* FirebaseAnalytics */,
				0634C0EA2EE43E85006F34BF /* FirebaseAuth */,
				0634C0EC2EE43E85006F34BF /* FirebaseCore */,
			);
			productName = UpToDo;
			productReference = 061CE1E12EE330BA005847DC /* UpToDo.app */;
			productType = "com.apple.product-type.application";
		};
		061CE1F62EE330BA005847DC /* UpToDoTests */ = {
			isa = PBXNativeTarget;
			buildConfigurationList = 061CE20F2EE330BA005847DC /* Build configuration list for PBXNativeTarget "UpToDoTests" */;
			buildPhases = (
				061CE1F32EE330BA005847DC /* Sources */,
				061CE1F42EE330BA005847DC /* Frameworks */,
				061CE1F52EE330BA005847DC /* Resources */,
			);
			buildRules = (
			);
			dependencies = (
				061CE1F92EE330BA005847DC /* PBXTargetDependency */,
			);
			fileSystemSynchronizedGroups = (
				061CE1FA2EE330BA005847DC /* UpToDoTests */,
			);
			name = UpToDoTests;
			packageProductDependencies = (
			);
			productName = UpToDoTests;
			productReference = 061CE1F72EE330BA005847DC /* UpToDoTests.xctest */;
			productType = "com.apple.product-type.bundle.unit-test";
		};
		061CE2002EE330BA005847DC /* UpToDoUITests */ = {
			isa = PBXNativeTarget;
			buildConfigurationList = 061CE2122EE330BA005847DC /* Build configuration list for PBXNativeTarget "UpToDoUITests" */;
			buildPhases = (
				061CE1FD2EE330BA005847DC /* Sources */,
				061CE1FE2EE330BA005847DC /* Frameworks */,
				061CE1FF2EE330BA005847DC /* Resources */,
			);
			buildRules = (
			);
			dependencies = (
				061CE2032EE330BA005847DC /* PBXTargetDependency */,
			);
			fileSystemSynchronizedGroups = (
				061CE2042EE330BA005847DC /* UpToDoUITests */,
			);
			name = UpToDoUITests;
			packageProductDependencies = (
				0634C21B2EEC4D70006F34BF /* FirebaseAnalytics */,
				0634C21D2EEC4D70006F34BF /* FirebaseAuth */,
				0634C21F2EEC4D70006F34BF /* FirebaseCore */,
			);
			productName = UpToDoUITests;
			productReference = 061CE2012EE330BA005847DC /* UpToDoUITests.xctest */;
			productType = "com.apple.product-type.bundle.ui-testing";
		};
/* End PBXNativeTarget section */

/* Begin PBXProject section */
		061CE1D92EE330BA005847DC /* Project object */ = {
			isa = PBXProject;
			attributes = {
				BuildIndependentTargetsInParallel = 1;
				LastSwiftUpdateCheck = 2610;
				LastUpgradeCheck = 2610;
				TargetAttributes = {
					061CE1E02EE330BA005847DC = {
						CreatedOnToolsVersion = 26.1.1;
					};
					061CE1F62EE330BA005847DC = {
						CreatedOnToolsVersion = 26.1.1;
						TestTargetID = 061CE1E02EE330BA005847DC;
					};
					061CE2002EE330BA005847DC = {
						CreatedOnToolsVersion = 26.1.1;
						TestTargetID = 061CE1E02EE330BA005847DC;
					};
				};
			};
			buildConfigurationList = 061CE1DC2EE330BA005847DC /* Build configuration list for PBXProject "UpToDo" */;
			developmentRegion = en;
			hasScannedForEncodings = 0;
			knownRegions = (
				en,
				Base,
			);
			mainGroup = 061CE1D82EE330BA005847DC;
			minimizedProjectReferenceProxies = 1;
			packageReferences = (
				0634C0E72EE43E85006F34BF /* XCRemoteSwiftPackageReference "firebase-ios-sdk" */,
			);
			preferredProjectObjectVersion = 77;
			productRefGroup = 061CE1E22EE330BA005847DC /* Products */;
			projectDirPath = "";
			projectRoot = "";
			targets = (
				061CE1E02EE330BA005847DC /* UpToDo */,
				061CE1F62EE330BA005847DC /* UpToDoTests */,
				061CE2002EE330BA005847DC /* UpToDoUITests */,
			);
		};
/* End PBXProject section */

/* Begin PBXResourcesBuildPhase section */
		061CE1DF2EE330BA005847DC /* Resources */ = {
			isa = PBXResourcesBuildPhase;
			buildActionMask = 2147483647;
			files = (
			);
			runOnlyForDeploymentPostprocessing = 0;
		};
		061CE1F52EE330BA005847DC /* Resources */ = {
			isa = PBXResourcesBuildPhase;
			buildActionMask = 2147483647;
			files = (
			);
			runOnlyForDeploymentPostprocessing = 0;
		};
		061CE1FF2EE330BA005847DC /* Resources */ = {
			isa = PBXResourcesBuildPhase;
			buildActionMask = 2147483647;
			files = (
			);
			runOnlyForDeploymentPostprocessing = 0;
		};
/* End PBXResourcesBuildPhase section */

/* Begin PBXSourcesBuildPhase section */
		061CE1DD2EE330BA005847DC /* Sources */ = {
			isa = PBXSourcesBuildPhase;
			buildActionMask = 2147483647;
			files = (
			);
			runOnlyForDeploymentPostprocessing = 0;
		};
		061CE1F32EE330BA005847DC /* Sources */ = {
			isa = PBXSourcesBuildPhase;
			buildActionMask = 2147483647;
			files = (
			);
			runOnlyForDeploymentPostprocessing = 0;
		};
		061CE1FD2EE330BA005847DC /* Sources */ = {
			isa = PBXSourcesBuildPhase;
			buildActionMask = 2147483647;
			files = (
			);
			runOnlyForDeploymentPostprocessing = 0;
		};
/* End PBXSourcesBuildPhase section */

/* Begin PBXTargetDependency section */
		061CE1F92EE330BA005847DC /* PBXTargetDependency */ = {
			isa = PBXTargetDependency;
			target = 061CE1E02EE330BA005847DC /* UpToDo */;
			targetProxy = 061CE1F82EE330BA005847DC /* PBXContainerItemProxy */;
		};
		061CE2032EE330BA005847DC /* PBXTargetDependency */ = {
			isa = PBXTargetDependency;
			target = 061CE1E02EE330BA005847DC /* UpToDo */;
			targetProxy = 061CE2022EE330BA005847DC /* PBXContainerItemProxy */;
		};
/* End PBXTargetDependency section */

/* Begin XCBuildConfiguration section */
		061CE20B2EE330BA005847DC /* Debug */ = {
			isa = XCBuildConfiguration;
			buildSettings = {
				ASSETCATALOG_COMPILER_APPICON_NAME = AppIcon;
				ASSETCATALOG_COMPILER_GLOBAL_ACCENT_COLOR_NAME = AccentColor;
				CODE_SIGN_STYLE = Automatic;
				CURRENT_PROJECT_VERSION = 1;
				DEVELOPMENT_TEAM = TBSLHJAF4T;
				GENERATE_INFOPLIST_FILE = YES;
				INFOPLIST_FILE = UpToDo/Info.plist;
				INFOPLIST_KEY_UIApplicationSupportsIndirectInputEvents = YES;
				INFOPLIST_KEY_UILaunchStoryboardName = LaunchScreen;
				INFOPLIST_KEY_UISupportedInterfaceOrientations = "UIInterfaceOrientationPortrait UIInterfaceOrientationPortraitUpsideDown";
				LD_RUNPATH_SEARCH_PATHS = (
					"$(inherited)",
					"@executable_path/Frameworks",
				);
				MARKETING_VERSION = 1.0;
				PRODUCT_BUNDLE_IDENTIFIER = com.waithuratun.uptodo;
				PRODUCT_NAME = "$(TARGET_NAME)";
				STRING_CATALOG_GENERATE_SYMBOLS = YES;
				SUPPORTED_PLATFORMS = "iphoneos iphonesimulator";
				SUPPORTS_MACCATALYST = NO;
				SUPPORTS_MAC_DESIGNED_FOR_IPHONE_IPAD = NO;
				SUPPORTS_XR_DESIGNED_FOR_IPHONE_IPAD = NO;
				SWIFT_APPROACHABLE_CONCURRENCY = YES;
				SWIFT_DEFAULT_ACTOR_ISOLATION = MainActor;
				SWIFT_EMIT_LOC_STRINGS = YES;
				SWIFT_UPCOMING_FEATURE_MEMBER_IMPORT_VISIBILITY = YES;
				SWIFT_VERSION = 5.0;
				TARGETED_DEVICE_FAMILY = "1,2";
			};
			name = Debug;
		};
		061CE20C2EE330BA005847DC /* Release */ = {
			isa = XCBuildConfiguration;
			buildSettings = {
				ASSETCATALOG_COMPILER_APPICON_NAME = AppIcon;
				ASSETCATALOG_COMPILER_GLOBAL_ACCENT_COLOR_NAME = AccentColor;
				CODE_SIGN_STYLE = Automatic;
				CURRENT_PROJECT_VERSION = 1;
				DEVELOPMENT_TEAM = TBSLHJAF4T;
				GENERATE_INFOPLIST_FILE = YES;
				INFOPLIST_FILE = UpToDo/Info.plist;
				INFOPLIST_KEY_UIApplicationSupportsIndirectInputEvents = YES;
				INFOPLIST_KEY_UILaunchStoryboardName = LaunchScreen;
				INFOPLIST_KEY_UISupportedInterfaceOrientations = "UIInterfaceOrientationPortrait UIInterfaceOrientationPortraitUpsideDown";
				LD_RUNPATH_SEARCH_PATHS = (
					"$(inherited)",
					"@executable_path/Frameworks",
				);
				MARKETING_VERSION = 1.0;
				PRODUCT_BUNDLE_IDENTIFIER = com.waithuratun.uptodo;
				PRODUCT_NAME = "$(TARGET_NAME)";
				STRING_CATALOG_GENERATE_SYMBOLS = YES;
				SUPPORTED_PLATFORMS = "iphoneos iphonesimulator";
				SUPPORTS_MACCATALYST = NO;
				SUPPORTS_MAC_DESIGNED_FOR_IPHONE_IPAD = NO;
				SUPPORTS_XR_DESIGNED_FOR_IPHONE_IPAD = NO;
				SWIFT_APPROACHABLE_CONCURRENCY = YES;
				SWIFT_DEFAULT_ACTOR_ISOLATION = MainActor;
				SWIFT_EMIT_LOC_STRINGS = YES;
				SWIFT_UPCOMING_FEATURE_MEMBER_IMPORT_VISIBILITY = YES;
				SWIFT_VERSION = 5.0;
				TARGETED_DEVICE_FAMILY = "1,2";
			};
			name = Release;
		};
		061CE20D2EE330BA005847DC /* Debug */ = {
			isa = XCBuildConfiguration;
			buildSettings = {
				ALWAYS_SEARCH_USER_PATHS = NO;
				ASSETCATALOG_COMPILER_GENERATE_SWIFT_ASSET_SYMBOL_EXTENSIONS = YES;
				CLANG_ANALYZER_NONNULL = YES;
				CLANG_ANALYZER_NUMBER_OBJECT_CONVERSION = YES_AGGRESSIVE;
				CLANG_CXX_LANGUAGE_STANDARD = "gnu++20";
				CLANG_ENABLE_MODULES = YES;
				CLANG_ENABLE_OBJC_ARC = YES;
				CLANG_ENABLE_OBJC_WEAK = YES;
				CLANG_WARN_BLOCK_CAPTURE_AUTORELEASING = YES;
				CLANG_WARN_BOOL_CONVERSION = YES;
				CLANG_WARN_COMMA = YES;
				CLANG_WARN_CONSTANT_CONVERSION = YES;
				CLANG_WARN_DEPRECATED_OBJC_IMPLEMENTATIONS = YES;
				CLANG_WARN_DIRECT_OBJC_ISA_USAGE = YES_ERROR;
				CLANG_WARN_DOCUMENTATION_COMMENTS = YES;
				CLANG_WARN_EMPTY_BODY = YES;
				CLANG_WARN_ENUM_CONVERSION = YES;
				CLANG_WARN_INFINITE_RECURSION = YES;
				CLANG_WARN_INT_CONVERSION = YES;
				CLANG_WARN_NON_LITERAL_NULL_CONVERSION = YES;
				CLANG_WARN_OBJC_IMPLICIT_RETAIN_SELF = YES;
				CLANG_WARN_OBJC_LITERAL_CONVERSION = YES;
				CLANG_WARN_OBJC_ROOT_CLASS = YES_ERROR;
				CLANG_WARN_QUOTED_INCLUDE_IN_FRAMEWORK_HEADER = YES;
				CLANG_WARN_RANGE_LOOP_ANALYSIS = YES;
				CLANG_WARN_STRICT_PROTOTYPES = YES;
				CLANG_WARN_SUSPICIOUS_MOVE = YES;
				CLANG_WARN_UNGUARDED_AVAILABILITY = YES_AGGRESSIVE;
				CLANG_WARN_UNREACHABLE_CODE = YES;
				CLANG_WARN__DUPLICATE_METHOD_MATCH = YES;
				COPY_PHASE_STRIP = NO;
				DEBUG_INFORMATION_FORMAT = dwarf;
				DEVELOPMENT_TEAM = TBSLHJAF4T;
				ENABLE_STRICT_OBJC_MSGSEND = YES;
				ENABLE_TESTABILITY = YES;
				ENABLE_USER_SCRIPT_SANDBOXING = YES;
				GCC_C_LANGUAGE_STANDARD = gnu17;
				GCC_DYNAMIC_NO_PIC = NO;
				GCC_NO_COMMON_BLOCKS = YES;
				GCC_OPTIMIZATION_LEVEL = 0;
				GCC_PREPROCESSOR_DEFINITIONS = (
					"DEBUG=1",
					"$(inherited)",
				);
				GCC_WARN_64_TO_32_BIT_CONVERSION = YES;
				GCC_WARN_ABOUT_RETURN_TYPE = YES_ERROR;
				GCC_WARN_UNDECLARED_SELECTOR = YES;
				GCC_WARN_UNINITIALIZED_AUTOS = YES_AGGRESSIVE;
				GCC_WARN_UNUSED_FUNCTION = YES;
				GCC_WARN_UNUSED_VARIABLE = YES;
				IPHONEOS_DEPLOYMENT_TARGET = 26.1;
				LOCALIZATION_PREFERS_STRING_CATALOGS = YES;
				MTL_ENABLE_DEBUG_INFO = INCLUDE_SOURCE;
				MTL_FAST_MATH = YES;
				ONLY_ACTIVE_ARCH = YES;
				SDKROOT = iphoneos;
				SWIFT_ACTIVE_COMPILATION_CONDITIONS = "DEBUG $(inherited)";
				SWIFT_OPTIMIZATION_LEVEL = "-Onone";
			};
			name = Debug;
		};
		061CE20E2EE330BA005847DC /* Release */ = {
			isa = XCBuildConfiguration;
			buildSettings = {
				ALWAYS_SEARCH_USER_PATHS = NO;
				ASSETCATALOG_COMPILER_GENERATE_SWIFT_ASSET_SYMBOL_EXTENSIONS = YES;
				CLANG_ANALYZER_NONNULL = YES;
				CLANG_ANALYZER_NUMBER_OBJECT_CONVERSION = YES_AGGRESSIVE;
				CLANG_CXX_LANGUAGE_STANDARD = "gnu++20";
				CLANG_ENABLE_MODULES = YES;
				CLANG_ENABLE_OBJC_ARC = YES;
				CLANG_ENABLE_OBJC_WEAK = YES;
				CLANG_WARN_BLOCK_CAPTURE_AUTORELEASING = YES;
				CLANG_WARN_BOOL_CONVERSION = YES;
				CLANG_WARN_COMMA = YES;
				CLANG_WARN_CONSTANT_CONVERSION = YES;
				CLANG_WARN_DEPRECATED_OBJC_IMPLEMENTATIONS = YES;
				CLANG_WARN_DIRECT_OBJC_ISA_USAGE = YES_ERROR;
				CLANG_WARN_DOCUMENTATION_COMMENTS = YES;
				CLANG_WARN_EMPTY_BODY = YES;
				CLANG_WARN_ENUM_CONVERSION = YES;
				CLANG_WARN_INFINITE_RECURSION = YES;
				CLANG_WARN_INT_CONVERSION = YES;
				CLANG_WARN_NON_LITERAL_NULL_CONVERSION = YES;
				CLANG_WARN_OBJC_IMPLICIT_RETAIN_SELF = YES;
				CLANG_WARN_OBJC_LITERAL_CONVERSION = YES;
				CLANG_WARN_OBJC_ROOT_CLASS = YES_ERROR;
				CLANG_WARN_QUOTED_INCLUDE_IN_FRAMEWORK_HEADER = YES;
				CLANG_WARN_RANGE_LOOP_ANALYSIS = YES;
				CLANG_WARN_STRICT_PROTOTYPES = YES;
				CLANG_WARN_SUSPICIOUS_MOVE = YES;
				CLANG_WARN_UNGUARDED_AVAILABILITY = YES_AGGRESSIVE;
				CLANG_WARN_UNREACHABLE_CODE = YES;
				CLANG_WARN__DUPLICATE_METHOD_MATCH = YES;
				COPY_PHASE_STRIP = NO;
				DEBUG_INFORMATION_FORMAT = "dwarf-with-dsym";
				DEVELOPMENT_TEAM = TBSLHJAF4T;
				ENABLE_NS_ASSERTIONS = NO;
				ENABLE_STRICT_OBJC_MSGSEND = YES;
				ENABLE_USER_SCRIPT_SANDBOXING = YES;
				GCC_C_LANGUAGE_STANDARD = gnu17;
				GCC_NO_COMMON_BLOCKS = YES;
				GCC_WARN_64_TO_32_BIT_CONVERSION = YES;
				GCC_WARN_ABOUT_RETURN_TYPE = YES_ERROR;
				GCC_WARN_UNDECLARED_SELECTOR = YES;
				GCC_WARN_UNINITIALIZED_AUTOS = YES_AGGRESSIVE;
				GCC_WARN_UNUSED_FUNCTION = YES;
				GCC_WARN_UNUSED_VARIABLE = YES;
				IPHONEOS_DEPLOYMENT_TARGET = 26.1;
				LOCALIZATION_PREFERS_STRING_CATALOGS = YES;
				MTL_ENABLE_DEBUG_INFO = NO;
				MTL_FAST_MATH = YES;
				SDKROOT = iphoneos;
				SWIFT_COMPILATION_MODE = wholemodule;
				VALIDATE_PRODUCT = YES;
			};
			name = Release;
		};
		061CE2102EE330BA005847DC /* Debug */ = {
			isa = XCBuildConfiguration;
			buildSettings = {
				BUNDLE_LOADER = "$(TEST_HOST)";
				CODE_SIGN_STYLE = Automatic;
				CURRENT_PROJECT_VERSION = 1;
				DEVELOPMENT_TEAM = TBSLHJAF4T;
				GENERATE_INFOPLIST_FILE = YES;
				IPHONEOS_DEPLOYMENT_TARGET = 26.1;
				MARKETING_VERSION = 1.0;
				PRODUCT_BUNDLE_IDENTIFIER = com.waithuratun.UpToDoTests;
				PRODUCT_NAME = "$(TARGET_NAME)";
				STRING_CATALOG_GENERATE_SYMBOLS = NO;
				SWIFT_APPROACHABLE_CONCURRENCY = YES;
				SWIFT_EMIT_LOC_STRINGS = NO;
				SWIFT_UPCOMING_FEATURE_MEMBER_IMPORT_VISIBILITY = YES;
				SWIFT_VERSION = 5.0;
				TARGETED_DEVICE_FAMILY = "1,2";
				TEST_HOST = "$(BUILT_PRODUCTS_DIR)/UpToDo.app/$(BUNDLE_EXECUTABLE_FOLDER_PATH)/UpToDo";
			};
			name = Debug;
		};
		061CE2112EE330BA005847DC /* Release */ = {
			isa = XCBuildConfiguration;
			buildSettings = {
				BUNDLE_LOADER = "$(TEST_HOST)";
				CODE_SIGN_STYLE = Automatic;
				CURRENT_PROJECT_VERSION = 1;
				DEVELOPMENT_TEAM = TBSLHJAF4T;
				GENERATE_INFOPLIST_FILE = YES;
				IPHONEOS_DEPLOYMENT_TARGET = 26.1;
				MARKETING_VERSION = 1.0;
				PRODUCT_BUNDLE_IDENTIFIER = com.waithuratun.UpToDoTests;
				PRODUCT_NAME = "$(TARGET_NAME)";
				STRING_CATALOG_GENERATE_SYMBOLS = NO;
				SWIFT_APPROACHABLE_CONCURRENCY = YES;
				SWIFT_EMIT_LOC_STRINGS = NO;
				SWIFT_UPCOMING_FEATURE_MEMBER_IMPORT_VISIBILITY = YES;
				SWIFT_VERSION = 5.0;
				TARGETED_DEVICE_FAMILY = "1,2";
				TEST_HOST = "$(BUILT_PRODUCTS_DIR)/UpToDo.app/$(BUNDLE_EXECUTABLE_FOLDER_PATH)/UpToDo";
			};
			name = Release;
		};
		061CE2132EE330BA005847DC /* Debug */ = {
			isa = XCBuildConfiguration;
			buildSettings = {
				CODE_SIGN_STYLE = Automatic;
				CURRENT_PROJECT_VERSION = 1;
				DEVELOPMENT_TEAM = TBSLHJAF4T;
				GENERATE_INFOPLIST_FILE = YES;
				MARKETING_VERSION = 1.0;
				PRODUCT_BUNDLE_IDENTIFIER = com.waithuratun.UpToDoUITests;
				PRODUCT_NAME = "$(TARGET_NAME)";
				STRING_CATALOG_GENERATE_SYMBOLS = NO;
				SWIFT_APPROACHABLE_CONCURRENCY = YES;
				SWIFT_EMIT_LOC_STRINGS = NO;
				SWIFT_UPCOMING_FEATURE_MEMBER_IMPORT_VISIBILITY = YES;
				SWIFT_VERSION = 5.0;
				TARGETED_DEVICE_FAMILY = "1,2";
				TEST_TARGET_NAME = UpToDo;
			};
			name = Debug;
		};
		061CE2142EE330BA005847DC /* Release */ = {
			isa = XCBuildConfiguration;
			buildSettings = {
				CODE_SIGN_STYLE = Automatic;
				CURRENT_PROJECT_VERSION = 1;
				DEVELOPMENT_TEAM = TBSLHJAF4T;
				GENERATE_INFOPLIST_FILE = YES;
				MARKETING_VERSION = 1.0;
				PRODUCT_BUNDLE_IDENTIFIER = com.waithuratun.UpToDoUITests;
				PRODUCT_NAME = "$(TARGET_NAME)";
				STRING_CATALOG_GENERATE_SYMBOLS = NO;
				SWIFT_APPROACHABLE_CONCURRENCY = YES;
				SWIFT_EMIT_LOC_STRINGS = NO;
				SWIFT_UPCOMING_FEATURE_MEMBER_IMPORT_VISIBILITY = YES;
				SWIFT_VERSION = 5.0;
				TARGETED_DEVICE_FAMILY = "1,2";
				TEST_TARGET_NAME = UpToDo;
			};
			name = Release;
		};
/* End XCBuildConfiguration section */

/* Begin XCConfigurationList section */
		061CE1DC2EE330BA005847DC /* Build configuration list for PBXProject "UpToDo" */ = {
			isa = XCConfigurationList;
			buildConfigurations = (
				061CE20D2EE330BA005847DC /* Debug */,
				061CE20E2EE330BA005847DC /* Release */,
			);
			defaultConfigurationIsVisible = 0;
			defaultConfigurationName = Release;
		};
		061CE20A2EE330BA005847DC /* Build configuration list for PBXNativeTarget "UpToDo" */ = {
			isa = XCConfigurationList;
			buildConfigurations = (
				061CE20B2EE330BA005847DC /* Debug */,
				061CE20C2EE330BA005847DC /* Release */,
			);
			defaultConfigurationIsVisible = 0;
			defaultConfigurationName = Release;
		};
		061CE20F2EE330BA005847DC /* Build configuration list for PBXNativeTarget "UpToDoTests" */ = {
			isa = XCConfigurationList;
			buildConfigurations = (
				061CE2102EE330BA005847DC /* Debug */,
				061CE2112EE330BA005847DC /* Release */,
			);
			defaultConfigurationIsVisible = 0;
			defaultConfigurationName = Release;
		};
		061CE2122EE330BA005847DC /* Build configuration list for PBXNativeTarget "UpToDoUITests" */ = {
			isa = XCConfigurationList;
			buildConfigurations = (
				061CE2132EE330BA005847DC /* Debug */,
				061CE2142EE330BA005847DC /* Release */,
			);
			defaultConfigurationIsVisible = 0;
			defaultConfigurationName = Release;
		};
/* End XCConfigurationList section */

/* Begin XCRemoteSwiftPackageReference section */
		0634C0E72EE43E85006F34BF /* XCRemoteSwiftPackageReference "firebase-ios-sdk" */ = {
			isa = XCRemoteSwiftPackageReference;
			repositoryURL = "https://github.com/firebase/firebase-ios-sdk";
			requirement = {
				kind = exactVersion;
				version = 12.6.0;
			};
		};
/* End XCRemoteSwiftPackageReference section */

/* Begin XCSwiftPackageProductDependency section */
		0634C0E82EE43E85006F34BF /* FirebaseAnalytics */ = {
			isa = XCSwiftPackageProductDependency;
			package = 0634C0E72EE43E85006F34BF /* XCRemoteSwiftPackageReference "firebase-ios-sdk" */;
			productName = FirebaseAnalytics;
		};
		0634C0EA2EE43E85006F34BF /* FirebaseAuth */ = {
			isa = XCSwiftPackageProductDependency;
			package = 0634C0E72EE43E85006F34BF /* XCRemoteSwiftPackageReference "firebase-ios-sdk" */;
			productName = FirebaseAuth;
		};
		0634C0EC2EE43E85006F34BF /* FirebaseCore */ = {
			isa = XCSwiftPackageProductDependency;
			package = 0634C0E72EE43E85006F34BF /* XCRemoteSwiftPackageReference "firebase-ios-sdk" */;
			productName = FirebaseCore;
		};
		0634C21B2EEC4D70006F34BF /* FirebaseAnalytics */ = {
			isa = XCSwiftPackageProductDependency;
			package = 0634C0E72EE43E85006F34BF /* XCRemoteSwiftPackageReference "firebase-ios-sdk" */;
			productName = FirebaseAnalytics;
		};
		0634C21D2EEC4D70006F34BF /* FirebaseAuth */ = {
			isa = XCSwiftPackageProductDependency;
			package = 0634C0E72EE43E85006F34BF /* XCRemoteSwiftPackageReference "firebase-ios-sdk" */;
			productName = FirebaseAuth;
		};
		0634C21F2EEC4D70006F34BF /* FirebaseCore */ = {
			isa = XCSwiftPackageProductDependency;
			package = 0634C0E72EE43E85006F34BF /* XCRemoteSwiftPackageReference "firebase-ios-sdk" */;
			productName = FirebaseCore;
		};
/* End XCSwiftPackageProductDependency section */
	};
	rootObject = 061CE1D92EE330BA005847DC /* Project object */;
}
